<?xml version="1.0" encoding="utf-8"?>
<Project ToolsVersion="4.0" xmlns="http://schemas.microsoft.com/developer/msbuild/2003">
  <ItemGroup>
    <Filter Include="include">
      <UniqueIdentifier>{67DA6AB6-F800-4c08-8B7A-83BB121AAD01}</UniqueIdentifier>
      <Extensions>rc;ico;cur;bmp;dlg;rc2;rct;bin;rgs;gif;jpg;jpeg;jpe;resx;tiff;tif;png;wav;mfcribbon-ms</Extensions>
    </Filter>
    <Filter Include="source">
      <UniqueIdentifier>{4FC737F1-C7A5-4376-A066-2A32D752A2FF}</UniqueIdentifier>
      <Extensions>cpp;c;cc;cxx;c++;cppm;ixx;def;odl;idl;hpj;bat;asm;asmx</Extensions>
    </Filter>
    <Filter Include="headers">
      <UniqueIdentifier>{93995380-89BD-4b04-88EB-625FBE52EBFB}</UniqueIdentifier>
      <Extensions>h;hh;hpp;hxx;h++;hm;inl;inc;ipp;xsd</Extensions>
    </Filter>
    <Filter Include="source\Game">
      <UniqueIdentifier>{6f3a88cf-5d8b-427f-80dd-6b33346d54c7}</UniqueIdentifier>
    </Filter>
    <Filter Include="source\Debug">
      <UniqueIdentifier>{370107d0-22df-4297-bd42-f4d2aa61daed}</UniqueIdentifier>
    </Filter>
    <Filter Include="settings">
      <UniqueIdentifier>{13070cfe-f478-40fd-b7b5-63fce43bd10f}</UniqueIdentifier>
    </Filter>
    <Filter Include="source\Reflection">
      <UniqueIdentifier>{21a6d903-5edb-4e14-9b45-da7f35731f09}</UniqueIdentifier>
    </Filter>
    <Filter Include="source\Modules">
      <UniqueIdentifier>{93f76cac-2ba4-475f-96b1-53d1e8b33f73}</UniqueIdentifier>
    </Filter>
    <Filter Include="source\Windows">
      <UniqueIdentifier>{62a3952d-1602-47a7-9ef8-5a812958dba0}</UniqueIdentifier>
    </Filter>
    <Filter Include="source\Other">
      <UniqueIdentifier>{938bd8e2-4229-4293-a6c1-dba51e97092f}</UniqueIdentifier>
    </Filter>
    <Filter Include="Shaders">
      <UniqueIdentifier>{57a45477-8ada-4b8c-8b3a-2d4328978d1e}</UniqueIdentifier>
    </Filter>
  </ItemGroup>
  <ItemGroup>
    <ClCompile Include="include\imgui\imgui.cpp">
      <Filter>include</Filter>
    </ClCompile>
    <ClCompile Include="include\imgui\imgui_demo.cpp">
      <Filter>include</Filter>
    </ClCompile>
    <ClCompile Include="include\imgui\imgui_draw.cpp">
      <Filter>include</Filter>
    </ClCompile>
    <ClCompile Include="include\imgui\imgui_impl_glfw.cpp">
      <Filter>include</Filter>
    </ClCompile>
    <ClCompile Include="include\imgui\imgui_impl_opengl3.cpp">
      <Filter>include</Filter>
    </ClCompile>
    <ClCompile Include="include\imgui\imgui_tables.cpp">
      <Filter>include</Filter>
    </ClCompile>
    <ClCompile Include="include\imgui\imgui_widgets.cpp">
      <Filter>include</Filter>
    </ClCompile>
    <ClCompile Include="source\main.cpp">
      <Filter>source</Filter>
    </ClCompile>
    <ClCompile Include="source\debugging.cpp">
      <Filter>source\Debug</Filter>
    </ClCompile>
    <ClCompile Include="source\game_manager.cpp">
      <Filter>source\Game</Filter>
    </ClCompile>
    <ClCompile Include="source\game_render.cpp">
      <Filter>source\Game</Filter>
    </ClCompile>
    <ClCompile Include="source\Component.cppm">
      <Filter>source\Modules</Filter>
    </ClCompile>
    <ClCompile Include="source\MangoMilk.cppm">
      <Filter>source\Modules</Filter>
    </ClCompile>
    <ClCompile Include="Generated\MangoMilk.cppm_Reflection.cpp">
      <Filter>source</Filter>
    </ClCompile>
    <ClCompile Include="Generated\MangoMilk.cppm_Reflection.cpp">
      <Filter>source</Filter>
    </ClCompile>
    <ClCompile Include="source\Entity.cppm">
      <Filter>source\Modules</Filter>
    </ClCompile>
    <ClCompile Include="source\SpriteRenderer.cppm">
      <Filter>source\Modules</Filter>
    </ClCompile>
    <ClCompile Include="Generated\MangoMilk.cppm_Reflection.cpp">
      <Filter>source\Reflection</Filter>
    </ClCompile>
    <ClCompile Include="Generated\Transform.cppm_Reflection.cpp">
      <Filter>source\Reflection</Filter>
    </ClCompile>
    <ClCompile Include="source\inspector.cpp">
      <Filter>source\Windows</Filter>
    </ClCompile>
    <ClCompile Include="source\settings.cpp">
      <Filter>source\Other</Filter>
    </ClCompile>
    <ClCompile Include="source\time.cpp">
      <Filter>source\Other</Filter>
    </ClCompile>
    <ClCompile Include="source\hierarchy.cpp">
      <Filter>source\Windows</Filter>
    </ClCompile>
    <ClCompile Include="Generated\MangoMilk.cppm_Reflection.cpp">
      <Filter>source\Reflection</Filter>
    </ClCompile>
    <ClCompile Include="Generated\SpriteRenderer.cppm_Reflection.cpp">
      <Filter>source\Reflection</Filter>
    </ClCompile>
    <ClCompile Include="source\Transform.cppm">
      <Filter>source\Modules</Filter>
    </ClCompile>
    <ClCompile Include="Generated\Transform.cppm_Reflection.cpp">
      <Filter>source\Reflection</Filter>
    </ClCompile>
    <ClCompile Include="source\shader.cpp">
      <Filter>source</Filter>
    </ClCompile>
    <ClCompile Include="source\texture.cpp">
      <Filter>source</Filter>
    </ClCompile>
    <ClCompile Include="source\resource_manager.cpp">
      <Filter>source</Filter>
    </ClCompile>
    <ClCompile Include="Generated\SpriteRenderer.cppm_Reflection.cpp">
      <Filter>source</Filter>
    </ClCompile>
    <ClCompile Include="Generated\SpriteRenderer.cppm_Reflection.cpp">
      <Filter>source\Reflection</Filter>
    </ClCompile>
    <ClCompile Include="Generated\MangoMilk.cppm_Reflection.cpp">
      <Filter>source\Reflection</Filter>
    </ClCompile>
    <ClCompile Include="Generated\Transform.cppm_Reflection.cpp">
      <Filter>source\Reflection</Filter>
    </ClCompile>
    <ClCompile Include="Generated\Transform.cppm_Reflection.cpp">
      <Filter>source\Reflection</Filter>
    </ClCompile>
    <ClCompile Include="Generated\SpriteRenderer.cppm_Reflection.cpp">
      <Filter>source\Reflection</Filter>
    </ClCompile>
    <ClCompile Include="Generated\MangoMilk.cppm_Reflection.cpp">
      <Filter>source\Reflection</Filter>
    </ClCompile>
    <ClCompile Include="source\project_manager.cpp">
      <Filter>source</Filter>
    </ClCompile>
    <ClCompile Include="source\scene_manager.cpp">
      <Filter>source</Filter>
    </ClCompile>
    <ClCompile Include="Generated\MangoMilk.cppm_Reflection.cpp">
      <Filter>source\Reflection</Filter>
    </ClCompile>
    <ClCompile Include="Generated\Transform.cppm_Reflection.cpp">
      <Filter>source\Reflection</Filter>
    </ClCompile>
    <ClCompile Include="Generated\Component.cppm_Reflection.cpp">
      <Filter>source\Reflection</Filter>
    </ClCompile>
    <ClCompile Include="Generated\Entity.cppm_Reflection.cpp">
      <Filter>source\Reflection</Filter>
    </ClCompile>
    <ClCompile Include="Generated\MangoMilk.cppm_Reflection.cpp">
      <Filter>source\Reflection</Filter>
    </ClCompile>
    <ClCompile Include="Generated\SpriteRenderer.cppm_Reflection.cpp">
      <Filter>source\Reflection</Filter>
    </ClCompile>
    <ClCompile Include="Generated\Transform.cppm_Reflection.cpp">
      <Filter>source\Reflection</Filter>
    </ClCompile>
  </ItemGroup>
  <ItemGroup>
    <ClInclude Include="include\imgui\imgui.h">
      <Filter>include</Filter>
    </ClInclude>
    <ClInclude Include="include\imgui\imgui_impl_glfw.h">
      <Filter>include</Filter>
    </ClInclude>
    <ClInclude Include="include\imgui\imgui_impl_opengl3.h">
      <Filter>include</Filter>
    </ClInclude>
    <ClInclude Include="include\imgui\imgui_impl_opengl3_loader.h">
      <Filter>include</Filter>
    </ClInclude>
    <ClInclude Include="include\imgui\imgui_internal.h">
      <Filter>include</Filter>
    </ClInclude>
    <ClInclude Include="include\imgui\imstb_rectpack.h">
      <Filter>include</Filter>
    </ClInclude>
    <ClInclude Include="include\imgui\imstb_textedit.h">
      <Filter>include</Filter>
    </ClInclude>
    <ClInclude Include="include\imgui\imstb_truetype.h">
      <Filter>include</Filter>
    </ClInclude>
    <ClInclude Include="include\imgui\imconfig.h">
      <Filter>include</Filter>
    </ClInclude>
    <ClInclude Include="source\debugging.h">
      <Filter>headers</Filter>
    </ClInclude>
    <ClInclude Include="source\game_manager.h">
      <Filter>headers</Filter>
    </ClInclude>
    <ClInclude Include="source\game_render.h">
      <Filter>headers</Filter>
    </ClInclude>
    <ClInclude Include="source\time.h">
      <Filter>headers</Filter>
    </ClInclude>
    <ClInclude Include="source\inspector.h">
      <Filter>headers</Filter>
    </ClInclude>
    <ClInclude Include="source\common.h">
      <Filter>headers</Filter>
    </ClInclude>
    <ClInclude Include="source\hierarchy.h">
      <Filter>headers</Filter>
    </ClInclude>
    <ClInclude Include="source\shader.h">
      <Filter>headers</Filter>
    </ClInclude>
    <ClInclude Include="source\texture.h">
      <Filter>headers</Filter>
    </ClInclude>
    <ClInclude Include="source\resource_manager.h">
      <Filter>headers</Filter>
    </ClInclude>
    <ClInclude Include="source\stb_image.h">
      <Filter>include</Filter>
    </ClInclude>
    <ClInclude Include="source\scene_manager.h">
      <Filter>headers</Filter>
    </ClInclude>
    <ClInclude Include="source\project_manager.h">
      <Filter>headers</Filter>
    </ClInclude>
  </ItemGroup>
  <ItemGroup>
    <None Include=".gitignore">
      <Filter>settings</Filter>
    </None>
    <None Include="layout_default.ini">
      <Filter>settings</Filter>
    </None>
    <None Include="generate_reflection.bat">
      <Filter>settings</Filter>
    </None>
    <None Include="shaders\sprite.frag">
      <Filter>Shaders</Filter>
    </None>
    <None Include="shaders\sprite.vs">
      <Filter>Shaders</Filter>
    </None>
  </ItemGroup>
</Project>