<?xml version="1.0" encoding="utf-8"?>
<Project ToolsVersion="4.0" xmlns="http://schemas.microsoft.com/developer/msbuild/2003">
  <ItemGroup>
    <Filter Include="include">
      <UniqueIdentifier>{67DA6AB6-F800-4c08-8B7A-83BB121AAD01}</UniqueIdentifier>
      <Extensions>rc;ico;cur;bmp;dlg;rc2;rct;bin;rgs;gif;jpg;jpeg;jpe;resx;tiff;tif;png;wav;mfcribbon-ms</Extensions>
    </Filter>
    <Filter Include="source">
      <UniqueIdentifier>{4FC737F1-C7A5-4376-A066-2A32D752A2FF}</UniqueIdentifier>
      <Extensions>cpp;c;cc;cxx;c++;cppm;ixx;def;odl;idl;hpj;bat;asm;asmx</Extensions>
    </Filter>
    <Filter Include="headers">
      <UniqueIdentifier>{93995380-89BD-4b04-88EB-625FBE52EBFB}</UniqueIdentifier>
      <Extensions>h;hh;hpp;hxx;h++;hm;inl;inc;ipp;xsd</Extensions>
    </Filter>
    <Filter Include="headers\include">
      <UniqueIdentifier>{dc9654b2-aea3-4212-b004-6c27368c08e0}</UniqueIdentifier>
    </Filter>
    <Filter Include="source\Game">
      <UniqueIdentifier>{6f3a88cf-5d8b-427f-80dd-6b33346d54c7}</UniqueIdentifier>
    </Filter>
    <Filter Include="source\ECS">
      <UniqueIdentifier>{eba34de2-333b-4131-902a-3f4aa5bd4b14}</UniqueIdentifier>
    </Filter>
    <Filter Include="source\Debug">
      <UniqueIdentifier>{370107d0-22df-4297-bd42-f4d2aa61daed}</UniqueIdentifier>
    </Filter>
    <Filter Include="source\Maths">
      <UniqueIdentifier>{ca91d20d-45fa-40c6-b99b-1241021f153c}</UniqueIdentifier>
    </Filter>
  </ItemGroup>
  <ItemGroup>
    <ClCompile Include="include\imgui\imgui.cpp">
      <Filter>include</Filter>
    </ClCompile>
    <ClCompile Include="include\imgui\imgui_demo.cpp">
      <Filter>include</Filter>
    </ClCompile>
    <ClCompile Include="include\imgui\imgui_draw.cpp">
      <Filter>include</Filter>
    </ClCompile>
    <ClCompile Include="include\imgui\imgui_impl_glfw.cpp">
      <Filter>include</Filter>
    </ClCompile>
    <ClCompile Include="include\imgui\imgui_impl_opengl3.cpp">
      <Filter>include</Filter>
    </ClCompile>
    <ClCompile Include="include\imgui\imgui_tables.cpp">
      <Filter>include</Filter>
    </ClCompile>
    <ClCompile Include="include\imgui\imgui_widgets.cpp">
      <Filter>include</Filter>
    </ClCompile>
    <ClCompile Include="main.cpp">
      <Filter>source</Filter>
    </ClCompile>
    <ClCompile Include="settings.cpp">
      <Filter>source</Filter>
    </ClCompile>
    <ClCompile Include="maths.h">
      <Filter>headers</Filter>
    </ClCompile>
    <ClCompile Include="game_render.cpp">
      <Filter>source\Game</Filter>
    </ClCompile>
    <ClCompile Include="game_manager.cpp">
      <Filter>source\Game</Filter>
    </ClCompile>
    <ClCompile Include="component.cpp">
      <Filter>source\ECS</Filter>
    </ClCompile>
    <ClCompile Include="entity.cpp">
      <Filter>source\ECS</Filter>
    </ClCompile>
    <ClCompile Include="transform.cpp">
      <Filter>source\ECS</Filter>
    </ClCompile>
    <ClCompile Include="debugging.cpp">
      <Filter>source\Debug</Filter>
    </ClCompile>
    <ClCompile Include="maths.cpp">
      <Filter>source\Maths</Filter>
    </ClCompile>
    <ClCompile Include="test_component.cpp">
      <Filter>source</Filter>
    </ClCompile>
    <ClCompile Include="time.cpp">
      <Filter>source</Filter>
    </ClCompile>
  </ItemGroup>
  <ItemGroup>
    <ClInclude Include="include\imgui\imgui.h">
      <Filter>include</Filter>
    </ClInclude>
    <ClInclude Include="include\imgui\imgui_impl_glfw.h">
      <Filter>include</Filter>
    </ClInclude>
    <ClInclude Include="include\imgui\imgui_impl_opengl3.h">
      <Filter>include</Filter>
    </ClInclude>
    <ClInclude Include="include\imgui\imgui_impl_opengl3_loader.h">
      <Filter>include</Filter>
    </ClInclude>
    <ClInclude Include="include\imgui\imgui_internal.h">
      <Filter>include</Filter>
    </ClInclude>
    <ClInclude Include="include\imgui\imstb_rectpack.h">
      <Filter>include</Filter>
    </ClInclude>
    <ClInclude Include="include\imgui\imstb_textedit.h">
      <Filter>include</Filter>
    </ClInclude>
    <ClInclude Include="include\imgui\imstb_truetype.h">
      <Filter>include</Filter>
    </ClInclude>
    <ClInclude Include="include\imgui\imconfig.h">
      <Filter>include</Filter>
    </ClInclude>
    <ClInclude Include="game_render.h">
      <Filter>headers</Filter>
    </ClInclude>
    <ClInclude Include="main.h">
      <Filter>headers</Filter>
    </ClInclude>
    <ClInclude Include="entity.h">
      <Filter>headers</Filter>
    </ClInclude>
    <ClInclude Include="debugging.h">
      <Filter>headers</Filter>
    </ClInclude>
    <ClInclude Include="game_manager.h">
      <Filter>headers</Filter>
    </ClInclude>
    <ClInclude Include="transform.h">
      <Filter>headers</Filter>
    </ClInclude>
    <ClInclude Include="component.h">
      <Filter>headers</Filter>
    </ClInclude>
    <ClInclude Include="Game.h">
      <Filter>headers\include</Filter>
    </ClInclude>
    <ClInclude Include="ECS.h">
      <Filter>headers\include</Filter>
    </ClInclude>
    <ClInclude Include="MangoMilk.h">
      <Filter>headers\include</Filter>
    </ClInclude>
    <ClInclude Include="time.h">
      <Filter>headers</Filter>
    </ClInclude>
  </ItemGroup>
</Project>